{
  "name": "nepali_municipalities",
  "version": "1.0.1",
  "lockfileVersion": 2,
  "requires": true,
  "packages": {
    "": {
      "name": "nepali_municipalities",
      "version": "1.0.1",
      "license": "ISC",
      "dependencies": {
        "nepali_municipalities": "^1.0.0"
      }
    },
    "node_modules/nepali_municipalities": {
      "version": "1.0.0",
      "resolved": "https://registry.npmjs.org/nepali_municipalities/-/nepali_municipalities-1.0.0.tgz",
      "integrity": "sha512-yYAzYw8wa7q3akUhYabVTGYmCnAKuiQdUrJun7n7CgwRgIfd1twcJn59EUWM4F8qnJCLWm6WpvxOM7qbCk4w9Q=="
    }
  },
  "dependencies": {
    "nepali_municipalities": {
      "version": "1.0.0",
      "resolved": "https://registry.npmjs.org/nepali_municipalities/-/nepali_municipalities-1.0.0.tgz",
      "integrity": "sha512-yYAzYw8wa7q3akUhYabVTGYmCnAKuiQdUrJun7n7CgwRgIfd1twcJn59EUWM4F8qnJCLWm6WpvxOM7qbCk4w9Q=="
    }
  }
}
